// !$*UTF8*$!
{
	archiveVersion = 1;
	classes = {
	};
	objectVersion = 55;
	objects = {

/* Begin PBXBuildFile section */
		E544C01529DCB99D00BAB75B /* AppDelegate.swift in Sources */ = {isa = PBXBuildFile; fileRef = E544C01429DCB99D00BAB75B /* AppDelegate.swift */; };
		E544C01729DCB99D00BAB75B /* SceneDelegate.swift in Sources */ = {isa = PBXBuildFile; fileRef = E544C01629DCB99D00BAB75B /* SceneDelegate.swift */; };
		E544C01929DCB99D00BAB75B /* ViewController.swift in Sources */ = {isa = PBXBuildFile; fileRef = E544C01829DCB99D00BAB75B /* ViewController.swift */; };
		E544C01E29DCB9A000BAB75B /* Assets.xcassets in Resources */ = {isa = PBXBuildFile; fileRef = E544C01D29DCB9A000BAB75B /* Assets.xcassets */; };
		E544C02C29DCFEC300BAB75B /* Contact.swift in Sources */ = {isa = PBXBuildFile; fileRef = E544C02B29DCFEC300BAB75B /* Contact.swift */; };
		E544C02F29DDF7CF00BAB75B /* ContactController.swift in Sources */ = {isa = PBXBuildFile; fileRef = E544C02E29DDF7CF00BAB75B /* ContactController.swift */; };
		E544C03229DDFF8800BAB75B /* ContactError.swift in Sources */ = {isa = PBXBuildFile; fileRef = E544C03129DDFF8800BAB75B /* ContactError.swift */; };
/* End PBXBuildFile section */

/* Begin PBXFileReference section */
		E544C01129DCB99D00BAB75B /* ContactBookApp.app */ = {isa = PBXFileReference; explicitFileType = wrapper.application; includeInIndex = 0; path = ContactBookApp.app; sourceTree = BUILT_PRODUCTS_DIR; };
		E544C01429DCB99D00BAB75B /* AppDelegate.swift */ = {isa = PBXFileReference; lastKnownFileType = sourcecode.swift; path = AppDelegate.swift; sourceTree = "<group>"; };
		E544C01629DCB99D00BAB75B /* SceneDelegate.swift */ = {isa = PBXFileReference; lastKnownFileType = sourcecode.swift; path = SceneDelegate.swift; sourceTree = "<group>"; };
		E544C01829DCB99D00BAB75B /* ViewController.swift */ = {isa = PBXFileReference; lastKnownFileType = sourcecode.swift; path = ViewController.swift; sourceTree = "<group>"; };
		E544C01D29DCB9A000BAB75B /* Assets.xcassets */ = {isa = PBXFileReference; lastKnownFileType = folder.assetcatalog; path = Assets.xcassets; sourceTree = "<group>"; };
		E544C02229DCB9A000BAB75B /* Info.plist */ = {isa = PBXFileReference; lastKnownFileType = text.plist.xml; path = Info.plist; sourceTree = "<group>"; };
		E544C02B29DCFEC300BAB75B /* Contact.swift */ = {isa = PBXFileReference; lastKnownFileType = sourcecode.swift; path = Contact.swift; sourceTree = "<group>"; };
		E544C02E29DDF7CF00BAB75B /* ContactController.swift */ = {isa = PBXFileReference; lastKnownFileType = sourcecode.swift; path = ContactController.swift; sourceTree = "<group>"; };
		E544C03129DDFF8800BAB75B /* ContactError.swift */ = {isa = PBXFileReference; lastKnownFileType = sourcecode.swift; path = ContactError.swift; sourceTree = "<group>"; };
/* End PBXFileReference section */

/* Begin PBXFrameworksBuildPhase section */
		E544C00E29DCB99D00BAB75B /* Frameworks */ = {
			isa = PBXFrameworksBuildPhase;
			buildActionMask = 2147483647;
			files = (
			);
			runOnlyForDeploymentPostprocessing = 0;
		};
/* End PBXFrameworksBuildPhase section */

/* Begin PBXGroup section */
		E544C00829DCB99D00BAB75B = {
			isa = PBXGroup;
			children = (
				E544C01329DCB99D00BAB75B /* ContactBookApp */,
				E544C01229DCB99D00BAB75B /* Products */,
			);
			sourceTree = "<group>";
		};
		E544C01229DCB99D00BAB75B /* Products */ = {
			isa = PBXGroup;
			children = (
				E544C01129DCB99D00BAB75B /* ContactBookApp.app */,
			);
			name = Products;
			sourceTree = "<group>";
		};
		E544C01329DCB99D00BAB75B /* ContactBookApp */ = {
			isa = PBXGroup;
			children = (
				E544C03029DDFF7300BAB75B /* Helpers */,
				E544C02D29DDF7A800BAB75B /* Controllers */,
				E544C02A29DCFE9600BAB75B /* Models */,
				E544C02929DCF9B100BAB75B /* Resources */,
				E544C02829DCF99D00BAB75B /* Views */,
				E544C02229DCB9A000BAB75B /* Info.plist */,
			);
			path = ContactBookApp;
			sourceTree = "<group>";
		};
		E544C02829DCF99D00BAB75B /* Views */ = {
			isa = PBXGroup;
			children = (
				E544C01829DCB99D00BAB75B /* ViewController.swift */,
			);
			path = Views;
			sourceTree = "<group>";
		};
		E544C02929DCF9B100BAB75B /* Resources */ = {
			isa = PBXGroup;
			children = (
				E544C01429DCB99D00BAB75B /* AppDelegate.swift */,
				E544C01629DCB99D00BAB75B /* SceneDelegate.swift */,
				E544C01D29DCB9A000BAB75B /* Assets.xcassets */,
			);
			path = Resources;
			sourceTree = "<group>";
		};
		E544C02A29DCFE9600BAB75B /* Models */ = {
			isa = PBXGroup;
			children = (
				E544C02B29DCFEC300BAB75B /* Contact.swift */,
			);
			path = Models;
			sourceTree = "<group>";
		};
		E544C02D29DDF7A800BAB75B /* Controllers */ = {
			isa = PBXGroup;
			children = (
				E544C02E29DDF7CF00BAB75B /* ContactController.swift */,
			);
			path = Controllers;
			sourceTree = "<group>";
		};
		E544C03029DDFF7300BAB75B /* Helpers */ = {
			isa = PBXGroup;
			children = (
				E544C03129DDFF8800BAB75B /* ContactError.swift */,
			);
			path = Helpers;
			sourceTree = "<group>";
		};
/* End PBXGroup section */

/* Begin PBXNativeTarget section */
		E544C01029DCB99D00BAB75B /* ContactBookApp */ = {
			isa = PBXNativeTarget;
			buildConfigurationList = E544C02529DCB9A000BAB75B /* Build configuration list for PBXNativeTarget "ContactBookApp" */;
			buildPhases = (
				E544C00D29DCB99D00BAB75B /* Sources */,
				E544C00E29DCB99D00BAB75B /* Frameworks */,
				E544C00F29DCB99D00BAB75B /* Resources */,
			);
			buildRules = (
			);
			dependencies = (
			);
			name = ContactBookApp;
			productName = ContactBookApp;
			productReference = E544C01129DCB99D00BAB75B /* ContactBookApp.app */;
			productType = "com.apple.product-type.application";
		};
/* End PBXNativeTarget section */

/* Begin PBXProject section */
		E544C00929DCB99D00BAB75B /* Project object */ = {
			isa = PBXProject;
			attributes = {
				BuildIndependentTargetsInParallel = 1;
				LastSwiftUpdateCheck = 1340;
				LastUpgradeCheck = 1340;
				TargetAttributes = {
					E544C01029DCB99D00BAB75B = {
						CreatedOnToolsVersion = 13.4.1;
					};
				};
			};
			buildConfigurationList = E544C00C29DCB99D00BAB75B /* Build configuration list for PBXProject "ContactBookApp" */;
			compatibilityVersion = "Xcode 13.0";
			developmentRegion = en;
			hasScannedForEncodings = 0;
			knownRegions = (
				en,
				Base,
			);
			mainGroup = E544C00829DCB99D00BAB75B;
			productRefGroup = E544C01229DCB99D00BAB75B /* Products */;
			projectDirPath = "";
			projectRoot = "";
			targets = (
				E544C01029DCB99D00BAB75B /* ContactBookApp */,
			);
		};
/* End PBXProject section */

/* Begin PBXResourcesBuildPhase section */
		E544C00F29DCB99D00BAB75B /* Resources */ = {
			isa = PBXResourcesBuildPhase;
			buildActionMask = 2147483647;
			files = (
				E544C01E29DCB9A000BAB75B /* Assets.xcassets in Resources */,
			);
			runOnlyForDeploymentPostprocessing = 0;
		};
/* End PBXResourcesBuildPhase section */

/* Begin PBXSourcesBuildPhase section */
		E544C00D29DCB99D00BAB75B /* Sources */ = {
			isa = PBXSourcesBuildPhase;
			buildActionMask = 2147483647;
			files = (
				E544C02C29DCFEC300BAB75B /* Contact.swift in Sources */,
				E544C03229DDFF8800BAB75B /* ContactError.swift in Sources */,
				E544C02F29DDF7CF00BAB75B /* ContactController.swift in Sources */,
				E544C01929DCB99D00BAB75B /* ViewController.swift in Sources */,
				E544C01529DCB99D00BAB75B /* AppDelegate.swift in Sources */,
				E544C01729DCB99D00BAB75B /* SceneDelegate.swift in Sources */,
			);
			runOnlyForDeploymentPostprocessing = 0;
		};
/* End PBXSourcesBuildPhase section */

/* Begin XCBuildConfiguration section */
		E544C02329DCB9A000BAB75B /* Debug */ = {
			isa = XCBuildConfiguration;
			buildSettings = {
				ALWAYS_SEARCH_USER_PATHS = NO;
				CLANG_ANALYZER_NONNULL = YES;
				CLANG_ANALYZER_NUMBER_OBJECT_CONVERSION = YES_AGGRESSIVE;
				CLANG_CXX_LANGUAGE_STANDARD = "gnu++17";
				CLANG_ENABLE_MODULES = YES;
				CLANG_ENABLE_OBJC_ARC = YES;
				CLANG_ENABLE_OBJC_WEAK = YES;
				CLANG_WARN_BLOCK_CAPTURE_AUTORELEASING = YES;
				CLANG_WARN_BOOL_CONVERSION = YES;
				CLANG_WARN_COMMA = YES;
				CLANG_WARN_CONSTANT_CONVERSION = YES;
				CLANG_WARN_DEPRECATED_OBJC_IMPLEMENTATIONS = YES;
				CLANG_WARN_DIRECT_OBJC_ISA_USAGE = YES_ERROR;
				CLANG_WARN_DOCUMENTATION_COMMENTS = YES;
				CLANG_WARN_EMPTY_BODY = YES;
				CLANG_WARN_ENUM_CONVERSION = YES;
				CLANG_WARN_INFINITE_RECURSION = YES;
				CLANG_WARN_INT_CONVERSION = YES;
				CLANG_WARN_NON_LITERAL_NULL_CONVERSION = YES;
				CLANG_WARN_OBJC_IMPLICIT_RETAIN_SELF = YES;
				CLANG_WARN_OBJC_LITERAL_CONVERSION = YES;
				CLANG_WARN_OBJC_ROOT_CLASS = YES_ERROR;
				CLANG_WARN_QUOTED_INCLUDE_IN_FRAMEWORK_HEADER = YES;
				CLANG_WARN_RANGE_LOOP_ANALYSIS = YES;
				CLANG_WARN_STRICT_PROTOTYPES = YES;
				CLANG_WARN_SUSPICIOUS_MOVE = YES;
				CLANG_WARN_UNGUARDED_AVAILABILITY = YES_AGGRESSIVE;
				CLANG_WARN_UNREACHABLE_CODE = YES;
				CLANG_WARN__DUPLICATE_METHOD_MATCH = YES;
				COPY_PHASE_STRIP = NO;
				DEBUG_INFORMATION_FORMAT = dwarf;
				ENABLE_STRICT_OBJC_MSGSEND = YES;
				ENABLE_TESTABILITY = YES;
				GCC_C_LANGUAGE_STANDARD = gnu11;
				GCC_DYNAMIC_NO_PIC = NO;
				GCC_NO_COMMON_BLOCKS = YES;
				GCC_OPTIMIZATION_LEVEL = 0;
				GCC_PREPROCESSOR_DEFINITIONS = (
					"DEBUG=1",
					"$(inherited)",
				);
				GCC_WARN_64_TO_32_BIT_CONVERSION = YES;
				GCC_WARN_ABOUT_RETURN_TYPE = YES_ERROR;
				GCC_WARN_UNDECLARED_SELECTOR = YES;
				GCC_WARN_UNINITIALIZED_AUTOS = YES_AGGRESSIVE;
				GCC_WARN_UNUSED_FUNCTION = YES;
				GCC_WARN_UNUSED_VARIABLE = YES;
				IPHONEOS_DEPLOYMENT_TARGET = 15.5;
				MTL_ENABLE_DEBUG_INFO = INCLUDE_SOURCE;
				MTL_FAST_MATH = YES;
				ONLY_ACTIVE_ARCH = YES;
				SDKROOT = iphoneos;
				SWIFT_ACTIVE_COMPILATION_CONDITIONS = DEBUG;
				SWIFT_OPTIMIZATION_LEVEL = "-Onone";
			};
			name = Debug;
		};
		E544C02429DCB9A000BAB75B /* Release */ = {
			isa = XCBuildConfiguration;
			buildSettings = {
				ALWAYS_SEARCH_USER_PATHS = NO;
				CLANG_ANALYZER_NONNULL = YES;
				CLANG_ANALYZER_NUMBER_OBJECT_CONVERSION = YES_AGGRESSIVE;
				CLANG_CXX_LANGUAGE_STANDARD = "gnu++17";
				CLANG_ENABLE_MODULES = YES;
				CLANG_ENABLE_OBJC_ARC = YES;
				CLANG_ENABLE_OBJC_WEAK = YES;
				CLANG_WARN_BLOCK_CAPTURE_AUTORELEASING = YES;
				CLANG_WARN_BOOL_CONVERSION = YES;
				CLANG_WARN_COMMA = YES;
				CLANG_WARN_CONSTANT_CONVERSION = YES;
				CLANG_WARN_DEPRECATED_OBJC_IMPLEMENTATIONS = YES;
				CLANG_WARN_DIRECT_OBJC_ISA_USAGE = YES_ERROR;
				CLANG_WARN_DOCUMENTATION_COMMENTS = YES;
				CLANG_WARN_EMPTY_BODY = YES;
				CLANG_WARN_ENUM_CONVERSION = YES;
				CLANG_WARN_INFINITE_RECURSION = YES;
				CLANG_WARN_INT_CONVERSION = YES;
				CLANG_WARN_NON_LITERAL_NULL_CONVERSION = YES;
				CLANG_WARN_OBJC_IMPLICIT_RETAIN_SELF = YES;
				CLANG_WARN_OBJC_LITERAL_CONVERSION = YES;
				CLANG_WARN_OBJC_ROOT_CLASS = YES_ERROR;
				CLANG_WARN_QUOTED_INCLUDE_IN_FRAMEWORK_HEADER = YES;
				CLANG_WARN_RANGE_LOOP_ANALYSIS = YES;
				CLANG_WARN_STRICT_PROTOTYPES = YES;
				CLANG_WARN_SUSPICIOUS_MOVE = YES;
				CLANG_WARN_UNGUARDED_AVAILABILITY = YES_AGGRESSIVE;
				CLANG_WARN_UNREACHABLE_CODE = YES;
				CLANG_WARN__DUPLICATE_METHOD_MATCH = YES;
				COPY_PHASE_STRIP = NO;
				DEBUG_INFORMATION_FORMAT = "dwarf-with-dsym";
				ENABLE_NS_ASSERTIONS = NO;
				ENABLE_STRICT_OBJC_MSGSEND = YES;
				GCC_C_LANGUAGE_STANDARD = gnu11;
				GCC_NO_COMMON_BLOCKS = YES;
				GCC_WARN_64_TO_32_BIT_CONVERSION = YES;
				GCC_WARN_ABOUT_RETURN_TYPE = YES_ERROR;
				GCC_WARN_UNDECLARED_SELECTOR = YES;
				GCC_WARN_UNINITIALIZED_AUTOS = YES_AGGRESSIVE;
				GCC_WARN_UNUSED_FUNCTION = YES;
				GCC_WARN_UNUSED_VARIABLE = YES;
				IPHONEOS_DEPLOYMENT_TARGET = 15.5;
				MTL_ENABLE_DEBUG_INFO = NO;
				MTL_FAST_MATH = YES;
				SDKROOT = iphoneos;
				SWIFT_COMPILATION_MODE = wholemodule;
				SWIFT_OPTIMIZATION_LEVEL = "-O";
				VALIDATE_PRODUCT = YES;
			};
			name = Release;
		};
		E544C02629DCB9A000BAB75B /* Debug */ = {
			isa = XCBuildConfiguration;
			buildSettings = {
				ASSETCATALOG_COMPILER_APPICON_NAME = AppIcon;
				ASSETCATALOG_COMPILER_GLOBAL_ACCENT_COLOR_NAME = AccentColor;
				CODE_SIGN_STYLE = Automatic;
				CURRENT_PROJECT_VERSION = 1;
				DEVELOPMENT_TEAM = WV7H3WR573;
				GENERATE_INFOPLIST_FILE = YES;
				INFOPLIST_FILE = ContactBookApp/Info.plist;
				INFOPLIST_KEY_CFBundleDisplayName = "";
				INFOPLIST_KEY_LSApplicationCategoryType = "";
				INFOPLIST_KEY_UIApplicationSupportsIndirectInputEvents = YES;
				INFOPLIST_KEY_UILaunchStoryboardName = LaunchScreen;
				INFOPLIST_KEY_UISupportedInterfaceOrientations_iPad = "UIInterfaceOrientationPortrait UIInterfaceOrientationPortraitUpsideDown UIInterfaceOrientationLandscapeLeft UIInterfaceOrientationLandscapeRight";
				INFOPLIST_KEY_UISupportedInterfaceOrientations_iPhone = "UIInterfaceOrientationPortrait UIInterfaceOrientationLandscapeLeft UIInterfaceOrientationLandscapeRight";
				LD_RUNPATH_SEARCH_PATHS = (
					"$(inherited)",
					"@executable_path/Frameworks",
				);
				MARKETING_VERSION = 1.0;
				PRODUCT_BUNDLE_IDENTIFIER = "Aleksandra-Makhrova.ContactBookApp";
				PRODUCT_NAME = "$(TARGET_NAME)";
				SWIFT_EMIT_LOC_STRINGS = YES;
				SWIFT_VERSION = 5.0;
				TARGETED_DEVICE_FAMILY = "1,2";
			};
			name = Debug;
		};
		E544C02729DCB9A000BAB75B /* Release */ = {
			isa = XCBuildConfiguration;
			buildSettings = {
				ASSETCATALOG_COMPILER_APPICON_NAME = AppIcon;
				ASSETCATALOG_COMPILER_GLOBAL_ACCENT_COLOR_NAME = AccentColor;
				CODE_SIGN_STYLE = Automatic;
				CURRENT_PROJECT_VERSION = 1;
				DEVELOPMENT_TEAM = WV7H3WR573;
				GENERATE_INFOPLIST_FILE = YES;
				INFOPLIST_FILE = ContactBookApp/Info.plist;
				INFOPLIST_KEY_CFBundleDisplayName = "";
				INFOPLIST_KEY_LSApplicationCategoryType = "";
				INFOPLIST_KEY_UIApplicationSupportsIndirectInputEvents = YES;
				INFOPLIST_KEY_UILaunchStoryboardName = LaunchScreen;
				INFOPLIST_KEY_UISupportedInterfaceOrientations_iPad = "UIInterfaceOrientationPortrait UIInterfaceOrientationPortraitUpsideDown UIInterfaceOrientationLandscapeLeft UIInterfaceOrientationLandscapeRight";
				INFOPLIST_KEY_UISupportedInterfaceOrientations_iPhone = "UIInterfaceOrientationPortrait UIInterfaceOrientationLandscapeLeft UIInterfaceOrientationLandscapeRight";
				LD_RUNPATH_SEARCH_PATHS = (
					"$(inherited)",
					"@executable_path/Frameworks",
				);
				MARKETING_VERSION = 1.0;
				PRODUCT_BUNDLE_IDENTIFIER = "Aleksandra-Makhrova.ContactBookApp";
				PRODUCT_NAME = "$(TARGET_NAME)";
				SWIFT_EMIT_LOC_STRINGS = YES;
				SWIFT_VERSION = 5.0;
				TARGETED_DEVICE_FAMILY = "1,2";
			};
			name = Release;
		};
/* End XCBuildConfiguration section */

/* Begin XCConfigurationList section */
		E544C00C29DCB99D00BAB75B /* Build configuration list for PBXProject "ContactBookApp" */ = {
			isa = XCConfigurationList;
			buildConfigurations = (
				E544C02329DCB9A000BAB75B /* Debug */,
				E544C02429DCB9A000BAB75B /* Release */,
			);
			defaultConfigurationIsVisible = 0;
			defaultConfigurationName = Release;
		};
		E544C02529DCB9A000BAB75B /* Build configuration list for PBXNativeTarget "ContactBookApp" */ = {
			isa = XCConfigurationList;
			buildConfigurations = (
				E544C02629DCB9A000BAB75B /* Debug */,
				E544C02729DCB9A000BAB75B /* Release */,
			);
			defaultConfigurationIsVisible = 0;
			defaultConfigurationName = Release;
		};
/* End XCConfigurationList section */
	};
	rootObject = E544C00929DCB99D00BAB75B /* Project object */;
}
